
Microsoft Visual Studio Solution File, Format Version 12.00
# Visual Studio Version 16
VisualStudioVersion = 16.0.31410.357
MinimumVisualStudioVersion = 10.0.40219.1
Project("{FAE04EC0-301F-11D3-BF4B-00C04F79EFBC}") = "FlowerStore", "FlowerStore\FlowerStore.csproj", "{AE81F04C-997D-4E0E-939B-2E40041742D9}"
EndProject
Global
	GlobalSection(SolutionConfigurationPlatforms) = preSolution
		Debug|Any CPU = Debug|Any CPU
		Release|Any CPU = Release|Any CPU
	EndGlobalSection
	GlobalSection(ProjectConfigurationPlatforms) = postSolution
		{AE81F04C-997D-4E0E-939B-2E40041742D9}.Debug|Any CPU.ActiveCfg = Debug|Any CPU
		{AE81F04C-997D-4E0E-939B-2E40041742D9}.Debug|Any CPU.Build.0 = Debug|Any CPU
		{AE81F04C-997D-4E0E-939B-2E40041742D9}.Release|Any CPU.ActiveCfg = Release|Any CPU
		{AE81F04C-997D-4E0E-939B-2E40041742D9}.Release|Any CPU.Build.0 = Release|Any CPU
	EndGlobalSection
	GlobalSection(SolutionProperties) = preSolution
		HideSolutionNode = FALSE
	EndGlobalSection
	GlobalSection(ExtensibilityGlobals) = postSolution
		SolutionGuid = {BBD8D72D-C0E0-48B6-8AC2-E24C854059D1}
	EndGlobalSection
EndGlobal
